
Microsoft Visual Studio Solution File, Format Version 12.00
# Visual Studio Version 16
VisualStudioVersion = 16.0.30709.132
MinimumVisualStudioVersion = 10.0.40219.1
Project("{FAE04EC0-301F-11D3-BF4B-00C04F79EFBC}") = "LandingPage", "LandingPage\LandingPage.csproj", "{327A1511-A0F4-482D-87EC-3657905968EE}"
EndProject
Global
	GlobalSection(SolutionConfigurationPlatforms) = preSolution
		Debug|Any CPU = Debug|Any CPU
		Release|Any CPU = Release|Any CPU
	EndGlobalSection
	GlobalSection(ProjectConfigurationPlatforms) = postSolution
		{327A1511-A0F4-482D-87EC-3657905968EE}.Debug|Any CPU.ActiveCfg = Debug|Any CPU
		{327A1511-A0F4-482D-87EC-3657905968EE}.Debug|Any CPU.Build.0 = Debug|Any CPU
		{327A1511-A0F4-482D-87EC-3657905968EE}.Release|Any CPU.ActiveCfg = Release|Any CPU
		{327A1511-A0F4-482D-87EC-3657905968EE}.Release|Any CPU.Build.0 = Release|Any CPU
	EndGlobalSection
	GlobalSection(SolutionProperties) = preSolution
		HideSolutionNode = FALSE
	EndGlobalSection
	GlobalSection(ExtensibilityGlobals) = postSolution
		SolutionGuid = {9A4A534C-62E5-4AE1-A77C-94C5CD972003}
	EndGlobalSection
EndGlobal
