
Microsoft Visual Studio Solution File, Format Version 12.00
# Visual Studio Version 16
VisualStudioVersion = 16.0.30709.132
MinimumVisualStudioVersion = 10.0.40219.1
Project("{9A19103F-16F7-4668-BE54-9A1E7A4F7556}") = "LandingPage", "LandingPage\LandingPage.csproj", "{327A1511-A0F4-482D-87EC-3657905968EE}"
EndProject
Project("{2150E333-8FDC-42A3-9474-1A3956D46DE8}") = "Solution Items", "Solution Items", "{B9173CCB-3E5B-4466-BFF9-721190EF47AB}"
	ProjectSection(SolutionItems) = preProject
		templates\azureDeploy.json = templates\azureDeploy.json
	EndProjectSection
EndProject
Global
	GlobalSection(SolutionConfigurationPlatforms) = preSolution
		Debug|Any CPU = Debug|Any CPU
		Release|Any CPU = Release|Any CPU
	EndGlobalSection
	GlobalSection(ProjectConfigurationPlatforms) = postSolution
		{327A1511-A0F4-482D-87EC-3657905968EE}.Debug|Any CPU.ActiveCfg = Debug|Any CPU
		{327A1511-A0F4-482D-87EC-3657905968EE}.Debug|Any CPU.Build.0 = Debug|Any CPU
		{327A1511-A0F4-482D-87EC-3657905968EE}.Release|Any CPU.ActiveCfg = Release|Any CPU
		{327A1511-A0F4-482D-87EC-3657905968EE}.Release|Any CPU.Build.0 = Release|Any CPU
	EndGlobalSection
	GlobalSection(SolutionProperties) = preSolution
		HideSolutionNode = FALSE
	EndGlobalSection
	GlobalSection(ExtensibilityGlobals) = postSolution
		SolutionGuid = {9A4A534C-62E5-4AE1-A77C-94C5CD972003}
	EndGlobalSection
EndGlobal
